
Microsoft Visual Studio Solution File, Format Version 12.00
# Visual Studio Version 16
VisualStudioVersion = 16.0.30104.148
MinimumVisualStudioVersion = 10.0.40219.1
Project("{FAE04EC0-301F-11D3-BF4B-00C04F79EFBC}") = "projekat", "projekat.csproj", "{56D02857-E63D-4234-9D91-376F23297CEA}"
EndProject
Global
	GlobalSection(SolutionConfigurationPlatforms) = preSolution
		Debug|Any CPU = Debug|Any CPU
		Release|Any CPU = Release|Any CPU
	EndGlobalSection
	GlobalSection(ProjectConfigurationPlatforms) = postSolution
		{56D02857-E63D-4234-9D91-376F23297CEA}.Debug|Any CPU.ActiveCfg = Debug|Any CPU
		{56D02857-E63D-4234-9D91-376F23297CEA}.Debug|Any CPU.Build.0 = Debug|Any CPU
		{56D02857-E63D-4234-9D91-376F23297CEA}.Release|Any CPU.ActiveCfg = Release|Any CPU
		{56D02857-E63D-4234-9D91-376F23297CEA}.Release|Any CPU.Build.0 = Release|Any CPU
	EndGlobalSection
	GlobalSection(SolutionProperties) = preSolution
		HideSolutionNode = FALSE
	EndGlobalSection
	GlobalSection(ExtensibilityGlobals) = postSolution
		SolutionGuid = {E735CB92-2CFC-4AA5-B753-CACE9DD7FE44}
	EndGlobalSection
EndGlobal
